lockfileVersion: '6.0'

settings:
  autoInstallPeers: true
  excludeLinksFromLockfile: false

devDependencies:
  '@eslint/js':
    specifier: ^9.9.0
    version: 9.9.0
  globals:
    specifier: ^15.9.0
    version: 15.9.0

packages:

  /@eslint/js@9.9.0:
    resolution: {integrity: sha512-hhetes6ZHP3BlXLxmd8K2SNgkhNSi+UcecbnwWKwpP7kyi/uC75DJ1lOOBO3xrC4jyojtGE3YxKZPHfk4yrgug==}
    engines: {node: ^18.18.0 || ^20.9.0 || >=21.1.0}
    dev: true

  /globals@15.9.0:
    resolution: {integrity: sha512-SmSKyLLKFbSr6rptvP8izbyxJL4ILwqO9Jg23UA0sDlGlu58V59D1//I3vlc0KJphVdUR7vMjHIplYnzBxorQA==}
    engines: {node: '>=18'}
    dev: true
